// !$*UTF8*$!
{
	archiveVersion = 1;
	classes = {
	};
	objectVersion = 56;
	objects = {

/* Begin PBXBuildFile section */
		B21F02202AF01F1A0001E8FB /* CustomModifiers.swift in Sources */ = {isa = PBXBuildFile; fileRef = B21F021F2AF01F1A0001E8FB /* CustomModifiers.swift */; };
		B21F02222AF025E90001E8FB /* LineText.swift in Sources */ = {isa = PBXBuildFile; fileRef = B21F02212AF025E90001E8FB /* LineText.swift */; };
		B2958F432AEDF0E500C9BBFF /* RoomieMatterApp.swift in Sources */ = {isa = PBXBuildFile; fileRef = B2958F422AEDF0E500C9BBFF /* RoomieMatterApp.swift */; };
		B2958F452AEDF0E500C9BBFF /* InitialScreen.swift in Sources */ = {isa = PBXBuildFile; fileRef = B2958F442AEDF0E500C9BBFF /* InitialScreen.swift */; };
		B2958F472AEDF0E600C9BBFF /* Assets.xcassets in Resources */ = {isa = PBXBuildFile; fileRef = B2958F462AEDF0E600C9BBFF /* Assets.xcassets */; };
		B2958F4A2AEDF0E600C9BBFF /* Preview Assets.xcassets in Resources */ = {isa = PBXBuildFile; fileRef = B2958F492AEDF0E600C9BBFF /* Preview Assets.xcassets */; };
		B2FB8B242AEDFE7200DEBF12 /* GoogleService-Info.plist in Resources */ = {isa = PBXBuildFile; fileRef = B2FB8B232AEDFE7200DEBF12 /* GoogleService-Info.plist */; };
		B2FB8B272AEDFF4C00DEBF12 /* FirebaseAnalytics in Frameworks */ = {isa = PBXBuildFile; productRef = B2FB8B262AEDFF4C00DEBF12 /* FirebaseAnalytics */; };
		B2FB8B292AEDFF4C00DEBF12 /* FirebaseAnalyticsOnDeviceConversion in Frameworks */ = {isa = PBXBuildFile; productRef = B2FB8B282AEDFF4C00DEBF12 /* FirebaseAnalyticsOnDeviceConversion */; };
		B2FB8B2B2AEDFF4C00DEBF12 /* FirebaseAnalyticsSwift in Frameworks */ = {isa = PBXBuildFile; productRef = B2FB8B2A2AEDFF4C00DEBF12 /* FirebaseAnalyticsSwift */; };
		B2FB8B2D2AEDFF4C00DEBF12 /* FirebaseAnalyticsWithoutAdIdSupport in Frameworks */ = {isa = PBXBuildFile; productRef = B2FB8B2C2AEDFF4C00DEBF12 /* FirebaseAnalyticsWithoutAdIdSupport */; };
		B2FB8B2F2AEDFF4C00DEBF12 /* FirebaseAppCheck in Frameworks */ = {isa = PBXBuildFile; productRef = B2FB8B2E2AEDFF4C00DEBF12 /* FirebaseAppCheck */; };
		B2FB8B3C2AEECDF400DEBF12 /* InputView.swift in Sources */ = {isa = PBXBuildFile; fileRef = B2FB8B3B2AEECDF400DEBF12 /* InputView.swift */; };
		B2FB8B3F2AEECE1400DEBF12 /* ButtonView.swift in Sources */ = {isa = PBXBuildFile; fileRef = B2FB8B3E2AEECE1400DEBF12 /* ButtonView.swift */; };
		B2FB8B442AEED92000DEBF12 /* Constants.swift in Sources */ = {isa = PBXBuildFile; fileRef = B2FB8B432AEED92000DEBF12 /* Constants.swift */; };
/* End PBXBuildFile section */

/* Begin PBXFileReference section */
		B21F021F2AF01F1A0001E8FB /* CustomModifiers.swift */ = {isa = PBXFileReference; lastKnownFileType = sourcecode.swift; path = CustomModifiers.swift; sourceTree = "<group>"; };
		B21F02212AF025E90001E8FB /* LineText.swift */ = {isa = PBXFileReference; lastKnownFileType = sourcecode.swift; path = LineText.swift; sourceTree = "<group>"; };
		B2958F3F2AEDF0E500C9BBFF /* RoomieMatter.app */ = {isa = PBXFileReference; explicitFileType = wrapper.application; includeInIndex = 0; path = RoomieMatter.app; sourceTree = BUILT_PRODUCTS_DIR; };
		B2958F422AEDF0E500C9BBFF /* RoomieMatterApp.swift */ = {isa = PBXFileReference; lastKnownFileType = sourcecode.swift; path = RoomieMatterApp.swift; sourceTree = "<group>"; };
		B2958F442AEDF0E500C9BBFF /* InitialScreen.swift */ = {isa = PBXFileReference; lastKnownFileType = sourcecode.swift; path = InitialScreen.swift; sourceTree = "<group>"; };
		B2958F462AEDF0E600C9BBFF /* Assets.xcassets */ = {isa = PBXFileReference; lastKnownFileType = folder.assetcatalog; path = Assets.xcassets; sourceTree = "<group>"; };
		B2958F492AEDF0E600C9BBFF /* Preview Assets.xcassets */ = {isa = PBXFileReference; lastKnownFileType = folder.assetcatalog; path = "Preview Assets.xcassets"; sourceTree = "<group>"; };
		B2FB8B232AEDFE7200DEBF12 /* GoogleService-Info.plist */ = {isa = PBXFileReference; fileEncoding = 4; lastKnownFileType = text.plist.xml; path = "GoogleService-Info.plist"; sourceTree = "<group>"; };
		B2FB8B382AEEC85B00DEBF12 /* Info.plist */ = {isa = PBXFileReference; lastKnownFileType = text.plist; path = Info.plist; sourceTree = "<group>"; };
		B2FB8B3B2AEECDF400DEBF12 /* InputView.swift */ = {isa = PBXFileReference; lastKnownFileType = sourcecode.swift; path = InputView.swift; sourceTree = "<group>"; };
		B2FB8B3E2AEECE1400DEBF12 /* ButtonView.swift */ = {isa = PBXFileReference; lastKnownFileType = sourcecode.swift; path = ButtonView.swift; sourceTree = "<group>"; };
		B2FB8B432AEED92000DEBF12 /* Constants.swift */ = {isa = PBXFileReference; lastKnownFileType = sourcecode.swift; path = Constants.swift; sourceTree = "<group>"; };
/* End PBXFileReference section */

/* Begin PBXFrameworksBuildPhase section */
		B2958F3C2AEDF0E500C9BBFF /* Frameworks */ = {
			isa = PBXFrameworksBuildPhase;
			buildActionMask = 2147483647;
			files = (
				B2FB8B2B2AEDFF4C00DEBF12 /* FirebaseAnalyticsSwift in Frameworks */,
				B2FB8B272AEDFF4C00DEBF12 /* FirebaseAnalytics in Frameworks */,
				B2FB8B292AEDFF4C00DEBF12 /* FirebaseAnalyticsOnDeviceConversion in Frameworks */,
				B2FB8B2F2AEDFF4C00DEBF12 /* FirebaseAppCheck in Frameworks */,
				B2FB8B2D2AEDFF4C00DEBF12 /* FirebaseAnalyticsWithoutAdIdSupport in Frameworks */,
			);
			runOnlyForDeploymentPostprocessing = 0;
		};
/* End PBXFrameworksBuildPhase section */

/* Begin PBXGroup section */
		B2958F362AEDF0E500C9BBFF = {
			isa = PBXGroup;
			children = (
				B2958F412AEDF0E500C9BBFF /* RoomieMatter */,
				B2958F402AEDF0E500C9BBFF /* Products */,
			);
			sourceTree = "<group>";
		};
		B2958F402AEDF0E500C9BBFF /* Products */ = {
			isa = PBXGroup;
			children = (
				B2958F3F2AEDF0E500C9BBFF /* RoomieMatter.app */,
			);
			name = Products;
			sourceTree = "<group>";
		};
		B2958F412AEDF0E500C9BBFF /* RoomieMatter */ = {
			isa = PBXGroup;
			children = (
				B2FB8B382AEEC85B00DEBF12 /* Info.plist */,
				B2FB8B312AEEB8AC00DEBF12 /* Sources */,
				B2FB8B302AEEB89B00DEBF12 /* Resources */,
				B2958F482AEDF0E600C9BBFF /* Preview Content */,
			);
			path = RoomieMatter;
			sourceTree = "<group>";
		};
		B2958F482AEDF0E600C9BBFF /* Preview Content */ = {
			isa = PBXGroup;
			children = (
				B2958F492AEDF0E600C9BBFF /* Preview Assets.xcassets */,
			);
			path = "Preview Content";
			sourceTree = "<group>";
		};
		B2FB8B302AEEB89B00DEBF12 /* Resources */ = {
			isa = PBXGroup;
			children = (
				B2FB8B232AEDFE7200DEBF12 /* GoogleService-Info.plist */,
				B2958F462AEDF0E600C9BBFF /* Assets.xcassets */,
			);
			path = Resources;
			sourceTree = "<group>";
		};
		B2FB8B312AEEB8AC00DEBF12 /* Sources */ = {
			isa = PBXGroup;
			children = (
				B2FB8B402AEED6EF00DEBF12 /* Settings */,
				B2FB8B392AEECD3300DEBF12 /* Views */,
				B2FB8B322AEEBA8100DEBF12 /* Screens */,
				B2958F422AEDF0E500C9BBFF /* RoomieMatterApp.swift */,
			);
			path = Sources;
			sourceTree = "<group>";
		};
		B2FB8B322AEEBA8100DEBF12 /* Screens */ = {
			isa = PBXGroup;
			children = (
				B2FB8B342AEEBB0100DEBF12 /* Login */,
				B2FB8B332AEEBAEA00DEBF12 /* Initial */,
			);
			path = Screens;
			sourceTree = "<group>";
		};
		B2FB8B332AEEBAEA00DEBF12 /* Initial */ = {
			isa = PBXGroup;
			children = (
				B2958F442AEDF0E500C9BBFF /* InitialScreen.swift */,
			);
			path = Initial;
			sourceTree = "<group>";
		};
		B2FB8B342AEEBB0100DEBF12 /* Login */ = {
			isa = PBXGroup;
			children = (
			);
			path = Login;
			sourceTree = "<group>";
		};
		B2FB8B392AEECD3300DEBF12 /* Views */ = {
			isa = PBXGroup;
			children = (
				B2FB8B3B2AEECDF400DEBF12 /* InputView.swift */,
				B2FB8B3E2AEECE1400DEBF12 /* ButtonView.swift */,
				B21F02212AF025E90001E8FB /* LineText.swift */,
			);
			path = Views;
			sourceTree = "<group>";
		};
		B2FB8B402AEED6EF00DEBF12 /* Settings */ = {
			isa = PBXGroup;
			children = (
				B2FB8B432AEED92000DEBF12 /* Constants.swift */,
				B21F021F2AF01F1A0001E8FB /* CustomModifiers.swift */,
			);
			path = Settings;
			sourceTree = "<group>";
		};
/* End PBXGroup section */

/* Begin PBXNativeTarget section */
		B2958F3E2AEDF0E500C9BBFF /* RoomieMatter */ = {
			isa = PBXNativeTarget;
			buildConfigurationList = B2958F4D2AEDF0E600C9BBFF /* Build configuration list for PBXNativeTarget "RoomieMatter" */;
			buildPhases = (
				B2958F3B2AEDF0E500C9BBFF /* Sources */,
				B2958F3C2AEDF0E500C9BBFF /* Frameworks */,
				B2958F3D2AEDF0E500C9BBFF /* Resources */,
			);
			buildRules = (
			);
			dependencies = (
			);
			name = RoomieMatter;
			packageProductDependencies = (
				B2FB8B262AEDFF4C00DEBF12 /* FirebaseAnalytics */,
				B2FB8B282AEDFF4C00DEBF12 /* FirebaseAnalyticsOnDeviceConversion */,
				B2FB8B2A2AEDFF4C00DEBF12 /* FirebaseAnalyticsSwift */,
				B2FB8B2C2AEDFF4C00DEBF12 /* FirebaseAnalyticsWithoutAdIdSupport */,
				B2FB8B2E2AEDFF4C00DEBF12 /* FirebaseAppCheck */,
			);
			productName = RoomieMatter;
			productReference = B2958F3F2AEDF0E500C9BBFF /* RoomieMatter.app */;
			productType = "com.apple.product-type.application";
		};
/* End PBXNativeTarget section */

/* Begin PBXProject section */
		B2958F372AEDF0E500C9BBFF /* Project object */ = {
			isa = PBXProject;
			attributes = {
				BuildIndependentTargetsInParallel = 1;
				LastSwiftUpdateCheck = 1500;
				LastUpgradeCheck = 1500;
				TargetAttributes = {
					B2958F3E2AEDF0E500C9BBFF = {
						CreatedOnToolsVersion = 15.0.1;
					};
				};
			};
			buildConfigurationList = B2958F3A2AEDF0E500C9BBFF /* Build configuration list for PBXProject "RoomieMatter" */;
			compatibilityVersion = "Xcode 14.0";
			developmentRegion = en;
			hasScannedForEncodings = 0;
			knownRegions = (
				en,
				Base,
			);
			mainGroup = B2958F362AEDF0E500C9BBFF;
			packageReferences = (
				B2FB8B252AEDFF4C00DEBF12 /* XCRemoteSwiftPackageReference "firebase-ios-sdk" */,
			);
			productRefGroup = B2958F402AEDF0E500C9BBFF /* Products */;
			projectDirPath = "";
			projectRoot = "";
			targets = (
				B2958F3E2AEDF0E500C9BBFF /* RoomieMatter */,
			);
		};
/* End PBXProject section */

/* Begin PBXResourcesBuildPhase section */
		B2958F3D2AEDF0E500C9BBFF /* Resources */ = {
			isa = PBXResourcesBuildPhase;
			buildActionMask = 2147483647;
			files = (
				B2958F4A2AEDF0E600C9BBFF /* Preview Assets.xcassets in Resources */,
				B2958F472AEDF0E600C9BBFF /* Assets.xcassets in Resources */,
				B2FB8B242AEDFE7200DEBF12 /* GoogleService-Info.plist in Resources */,
			);
			runOnlyForDeploymentPostprocessing = 0;
		};
/* End PBXResourcesBuildPhase section */

/* Begin PBXSourcesBuildPhase section */
		B2958F3B2AEDF0E500C9BBFF /* Sources */ = {
			isa = PBXSourcesBuildPhase;
			buildActionMask = 2147483647;
			files = (
				B2FB8B442AEED92000DEBF12 /* Constants.swift in Sources */,
				B2FB8B3C2AEECDF400DEBF12 /* InputView.swift in Sources */,
				B21F02222AF025E90001E8FB /* LineText.swift in Sources */,
				B2958F452AEDF0E500C9BBFF /* InitialScreen.swift in Sources */,
				B21F02202AF01F1A0001E8FB /* CustomModifiers.swift in Sources */,
				B2FB8B3F2AEECE1400DEBF12 /* ButtonView.swift in Sources */,
				B2958F432AEDF0E500C9BBFF /* RoomieMatterApp.swift in Sources */,
			);
			runOnlyForDeploymentPostprocessing = 0;
		};
/* End PBXSourcesBuildPhase section */

/* Begin XCBuildConfiguration section */
		B2958F4B2AEDF0E600C9BBFF /* Debug */ = {
			isa = XCBuildConfiguration;
			buildSettings = {
				ALWAYS_SEARCH_USER_PATHS = NO;
				ASSETCATALOG_COMPILER_GENERATE_SWIFT_ASSET_SYMBOL_EXTENSIONS = YES;
				CLANG_ANALYZER_NONNULL = YES;
				CLANG_ANALYZER_NUMBER_OBJECT_CONVERSION = YES_AGGRESSIVE;
				CLANG_CXX_LANGUAGE_STANDARD = "gnu++20";
				CLANG_ENABLE_MODULES = YES;
				CLANG_ENABLE_OBJC_ARC = YES;
				CLANG_ENABLE_OBJC_WEAK = YES;
				CLANG_WARN_BLOCK_CAPTURE_AUTORELEASING = YES;
				CLANG_WARN_BOOL_CONVERSION = YES;
				CLANG_WARN_COMMA = YES;
				CLANG_WARN_CONSTANT_CONVERSION = YES;
				CLANG_WARN_DEPRECATED_OBJC_IMPLEMENTATIONS = YES;
				CLANG_WARN_DIRECT_OBJC_ISA_USAGE = YES_ERROR;
				CLANG_WARN_DOCUMENTATION_COMMENTS = YES;
				CLANG_WARN_EMPTY_BODY = YES;
				CLANG_WARN_ENUM_CONVERSION = YES;
				CLANG_WARN_INFINITE_RECURSION = YES;
				CLANG_WARN_INT_CONVERSION = YES;
				CLANG_WARN_NON_LITERAL_NULL_CONVERSION = YES;
				CLANG_WARN_OBJC_IMPLICIT_RETAIN_SELF = YES;
				CLANG_WARN_OBJC_LITERAL_CONVERSION = YES;
				CLANG_WARN_OBJC_ROOT_CLASS = YES_ERROR;
				CLANG_WARN_QUOTED_INCLUDE_IN_FRAMEWORK_HEADER = YES;
				CLANG_WARN_RANGE_LOOP_ANALYSIS = YES;
				CLANG_WARN_STRICT_PROTOTYPES = YES;
				CLANG_WARN_SUSPICIOUS_MOVE = YES;
				CLANG_WARN_UNGUARDED_AVAILABILITY = YES_AGGRESSIVE;
				CLANG_WARN_UNREACHABLE_CODE = YES;
				CLANG_WARN__DUPLICATE_METHOD_MATCH = YES;
				COPY_PHASE_STRIP = NO;
				DEBUG_INFORMATION_FORMAT = dwarf;
				ENABLE_STRICT_OBJC_MSGSEND = YES;
				ENABLE_TESTABILITY = YES;
				ENABLE_USER_SCRIPT_SANDBOXING = YES;
				GCC_C_LANGUAGE_STANDARD = gnu17;
				GCC_DYNAMIC_NO_PIC = NO;
				GCC_NO_COMMON_BLOCKS = YES;
				GCC_OPTIMIZATION_LEVEL = 0;
				GCC_PREPROCESSOR_DEFINITIONS = (
					"DEBUG=1",
					"$(inherited)",
				);
				GCC_WARN_64_TO_32_BIT_CONVERSION = YES;
				GCC_WARN_ABOUT_RETURN_TYPE = YES_ERROR;
				GCC_WARN_UNDECLARED_SELECTOR = YES;
				GCC_WARN_UNINITIALIZED_AUTOS = YES_AGGRESSIVE;
				GCC_WARN_UNUSED_FUNCTION = YES;
				GCC_WARN_UNUSED_VARIABLE = YES;
				IPHONEOS_DEPLOYMENT_TARGET = 17.0;
				LOCALIZATION_PREFERS_STRING_CATALOGS = YES;
				MTL_ENABLE_DEBUG_INFO = INCLUDE_SOURCE;
				MTL_FAST_MATH = YES;
				ONLY_ACTIVE_ARCH = YES;
				SDKROOT = iphoneos;
				SWIFT_ACTIVE_COMPILATION_CONDITIONS = "DEBUG $(inherited)";
				SWIFT_OPTIMIZATION_LEVEL = "-Onone";
			};
			name = Debug;
		};
		B2958F4C2AEDF0E600C9BBFF /* Release */ = {
			isa = XCBuildConfiguration;
			buildSettings = {
				ALWAYS_SEARCH_USER_PATHS = NO;
				ASSETCATALOG_COMPILER_GENERATE_SWIFT_ASSET_SYMBOL_EXTENSIONS = YES;
				CLANG_ANALYZER_NONNULL = YES;
				CLANG_ANALYZER_NUMBER_OBJECT_CONVERSION = YES_AGGRESSIVE;
				CLANG_CXX_LANGUAGE_STANDARD = "gnu++20";
				CLANG_ENABLE_MODULES = YES;
				CLANG_ENABLE_OBJC_ARC = YES;
				CLANG_ENABLE_OBJC_WEAK = YES;
				CLANG_WARN_BLOCK_CAPTURE_AUTORELEASING = YES;
				CLANG_WARN_BOOL_CONVERSION = YES;
				CLANG_WARN_COMMA = YES;
				CLANG_WARN_CONSTANT_CONVERSION = YES;
				CLANG_WARN_DEPRECATED_OBJC_IMPLEMENTATIONS = YES;
				CLANG_WARN_DIRECT_OBJC_ISA_USAGE = YES_ERROR;
				CLANG_WARN_DOCUMENTATION_COMMENTS = YES;
				CLANG_WARN_EMPTY_BODY = YES;
				CLANG_WARN_ENUM_CONVERSION = YES;
				CLANG_WARN_INFINITE_RECURSION = YES;
				CLANG_WARN_INT_CONVERSION = YES;
				CLANG_WARN_NON_LITERAL_NULL_CONVERSION = YES;
				CLANG_WARN_OBJC_IMPLICIT_RETAIN_SELF = YES;
				CLANG_WARN_OBJC_LITERAL_CONVERSION = YES;
				CLANG_WARN_OBJC_ROOT_CLASS = YES_ERROR;
				CLANG_WARN_QUOTED_INCLUDE_IN_FRAMEWORK_HEADER = YES;
				CLANG_WARN_RANGE_LOOP_ANALYSIS = YES;
				CLANG_WARN_STRICT_PROTOTYPES = YES;
				CLANG_WARN_SUSPICIOUS_MOVE = YES;
				CLANG_WARN_UNGUARDED_AVAILABILITY = YES_AGGRESSIVE;
				CLANG_WARN_UNREACHABLE_CODE = YES;
				CLANG_WARN__DUPLICATE_METHOD_MATCH = YES;
				COPY_PHASE_STRIP = NO;
				DEBUG_INFORMATION_FORMAT = "dwarf-with-dsym";
				ENABLE_NS_ASSERTIONS = NO;
				ENABLE_STRICT_OBJC_MSGSEND = YES;
				ENABLE_USER_SCRIPT_SANDBOXING = YES;
				GCC_C_LANGUAGE_STANDARD = gnu17;
				GCC_NO_COMMON_BLOCKS = YES;
				GCC_WARN_64_TO_32_BIT_CONVERSION = YES;
				GCC_WARN_ABOUT_RETURN_TYPE = YES_ERROR;
				GCC_WARN_UNDECLARED_SELECTOR = YES;
				GCC_WARN_UNINITIALIZED_AUTOS = YES_AGGRESSIVE;
				GCC_WARN_UNUSED_FUNCTION = YES;
				GCC_WARN_UNUSED_VARIABLE = YES;
				IPHONEOS_DEPLOYMENT_TARGET = 17.0;
				LOCALIZATION_PREFERS_STRING_CATALOGS = YES;
				MTL_ENABLE_DEBUG_INFO = NO;
				MTL_FAST_MATH = YES;
				SDKROOT = iphoneos;
				SWIFT_COMPILATION_MODE = wholemodule;
				VALIDATE_PRODUCT = YES;
			};
			name = Release;
		};
		B2958F4E2AEDF0E600C9BBFF /* Debug */ = {
			isa = XCBuildConfiguration;
			buildSettings = {
				ASSETCATALOG_COMPILER_APPICON_NAME = AppIcon;
				ASSETCATALOG_COMPILER_GLOBAL_ACCENT_COLOR_NAME = AccentColor;
				CODE_SIGN_STYLE = Automatic;
				CURRENT_PROJECT_VERSION = 1;
				DEVELOPMENT_ASSET_PATHS = "\"RoomieMatter/Preview Content\"";
				DEVELOPMENT_TEAM = TX6TDB7G4L;
				ENABLE_PREVIEWS = YES;
				GENERATE_INFOPLIST_FILE = YES;
				INFOPLIST_FILE = RoomieMatter/Info.plist;
				INFOPLIST_KEY_UIApplicationSceneManifest_Generation = YES;
				INFOPLIST_KEY_UIApplicationSupportsIndirectInputEvents = YES;
				INFOPLIST_KEY_UISupportedInterfaceOrientations_iPad = "UIInterfaceOrientationPortrait UIInterfaceOrientationPortraitUpsideDown UIInterfaceOrientationLandscapeLeft UIInterfaceOrientationLandscapeRight";
				INFOPLIST_KEY_UISupportedInterfaceOrientations_iPhone = "UIInterfaceOrientationPortrait UIInterfaceOrientationLandscapeLeft UIInterfaceOrientationLandscapeRight";
				INFOPLIST_KEY_UIUserInterfaceStyle = Light;
				LD_RUNPATH_SEARCH_PATHS = (
					"$(inherited)",
					"@executable_path/Frameworks",
				);
				MARKETING_VERSION = 1.0;
				PRODUCT_BUNDLE_IDENTIFIER = com.roomiematter.RoomieMatter;
				PRODUCT_NAME = "$(TARGET_NAME)";
				SWIFT_EMIT_LOC_STRINGS = YES;
				SWIFT_VERSION = 5.0;
				TARGETED_DEVICE_FAMILY = "1,2";
			};
			name = Debug;
		};
		B2958F4F2AEDF0E600C9BBFF /* Release */ = {
			isa = XCBuildConfiguration;
			buildSettings = {
				ASSETCATALOG_COMPILER_APPICON_NAME = AppIcon;
				ASSETCATALOG_COMPILER_GLOBAL_ACCENT_COLOR_NAME = AccentColor;
				CODE_SIGN_STYLE = Automatic;
				CURRENT_PROJECT_VERSION = 1;
				DEVELOPMENT_ASSET_PATHS = "\"RoomieMatter/Preview Content\"";
				DEVELOPMENT_TEAM = TX6TDB7G4L;
				ENABLE_PREVIEWS = YES;
				GENERATE_INFOPLIST_FILE = YES;
				INFOPLIST_FILE = RoomieMatter/Info.plist;
				INFOPLIST_KEY_UIApplicationSceneManifest_Generation = YES;
				INFOPLIST_KEY_UIApplicationSupportsIndirectInputEvents = YES;
				INFOPLIST_KEY_UISupportedInterfaceOrientations_iPad = "UIInterfaceOrientationPortrait UIInterfaceOrientationPortraitUpsideDown UIInterfaceOrientationLandscapeLeft UIInterfaceOrientationLandscapeRight";
				INFOPLIST_KEY_UISupportedInterfaceOrientations_iPhone = "UIInterfaceOrientationPortrait UIInterfaceOrientationLandscapeLeft UIInterfaceOrientationLandscapeRight";
				INFOPLIST_KEY_UIUserInterfaceStyle = Light;
				LD_RUNPATH_SEARCH_PATHS = (
					"$(inherited)",
					"@executable_path/Frameworks",
				);
				MARKETING_VERSION = 1.0;
				PRODUCT_BUNDLE_IDENTIFIER = com.roomiematter.RoomieMatter;
				PRODUCT_NAME = "$(TARGET_NAME)";
				SWIFT_EMIT_LOC_STRINGS = YES;
				SWIFT_VERSION = 5.0;
				TARGETED_DEVICE_FAMILY = "1,2";
			};
			name = Release;
		};
/* End XCBuildConfiguration section */

/* Begin XCConfigurationList section */
		B2958F3A2AEDF0E500C9BBFF /* Build configuration list for PBXProject "RoomieMatter" */ = {
			isa = XCConfigurationList;
			buildConfigurations = (
				B2958F4B2AEDF0E600C9BBFF /* Debug */,
				B2958F4C2AEDF0E600C9BBFF /* Release */,
			);
			defaultConfigurationIsVisible = 0;
			defaultConfigurationName = Release;
		};
		B2958F4D2AEDF0E600C9BBFF /* Build configuration list for PBXNativeTarget "RoomieMatter" */ = {
			isa = XCConfigurationList;
			buildConfigurations = (
				B2958F4E2AEDF0E600C9BBFF /* Debug */,
				B2958F4F2AEDF0E600C9BBFF /* Release */,
			);
			defaultConfigurationIsVisible = 0;
			defaultConfigurationName = Release;
		};
/* End XCConfigurationList section */

/* Begin XCRemoteSwiftPackageReference section */
		B2FB8B252AEDFF4C00DEBF12 /* XCRemoteSwiftPackageReference "firebase-ios-sdk" */ = {
			isa = XCRemoteSwiftPackageReference;
			repositoryURL = "https://github.com/firebase/firebase-ios-sdk";
			requirement = {
				kind = upToNextMajorVersion;
				minimumVersion = 10.16.0;
			};
		};
/* End XCRemoteSwiftPackageReference section */

/* Begin XCSwiftPackageProductDependency section */
		B2FB8B262AEDFF4C00DEBF12 /* FirebaseAnalytics */ = {
			isa = XCSwiftPackageProductDependency;
			package = B2FB8B252AEDFF4C00DEBF12 /* XCRemoteSwiftPackageReference "firebase-ios-sdk" */;
			productName = FirebaseAnalytics;
		};
		B2FB8B282AEDFF4C00DEBF12 /* FirebaseAnalyticsOnDeviceConversion */ = {
			isa = XCSwiftPackageProductDependency;
			package = B2FB8B252AEDFF4C00DEBF12 /* XCRemoteSwiftPackageReference "firebase-ios-sdk" */;
			productName = FirebaseAnalyticsOnDeviceConversion;
		};
		B2FB8B2A2AEDFF4C00DEBF12 /* FirebaseAnalyticsSwift */ = {
			isa = XCSwiftPackageProductDependency;
			package = B2FB8B252AEDFF4C00DEBF12 /* XCRemoteSwiftPackageReference "firebase-ios-sdk" */;
			productName = FirebaseAnalyticsSwift;
		};
		B2FB8B2C2AEDFF4C00DEBF12 /* FirebaseAnalyticsWithoutAdIdSupport */ = {
			isa = XCSwiftPackageProductDependency;
			package = B2FB8B252AEDFF4C00DEBF12 /* XCRemoteSwiftPackageReference "firebase-ios-sdk" */;
			productName = FirebaseAnalyticsWithoutAdIdSupport;
		};
		B2FB8B2E2AEDFF4C00DEBF12 /* FirebaseAppCheck */ = {
			isa = XCSwiftPackageProductDependency;
			package = B2FB8B252AEDFF4C00DEBF12 /* XCRemoteSwiftPackageReference "firebase-ios-sdk" */;
			productName = FirebaseAppCheck;
		};
/* End XCSwiftPackageProductDependency section */
	};
	rootObject = B2958F372AEDF0E500C9BBFF /* Project object */;
}
