// !$*UTF8*$!
{
	archiveVersion = 1;
	classes = {
	};
	objectVersion = 56;
	objects = {

/* Begin PBXBuildFile section */
		21F5B4532AF83C4B008124D0 /* TextBubble.swift in Sources */ = {isa = PBXBuildFile; fileRef = 21F5B4522AF83C4B008124D0 /* TextBubble.swift */; };
		21F5B4552AF84202008124D0 /* AuthenticationViewModel.swift in Sources */ = {isa = PBXBuildFile; fileRef = 21F5B4542AF84202008124D0 /* AuthenticationViewModel.swift */; };
		7A269D662B190B31009CEE1F /* CreateRoom.swift in Sources */ = {isa = PBXBuildFile; fileRef = 7A269D652B190B31009CEE1F /* CreateRoom.swift */; };
		7A3651442B1D290B0052B071 /* RoomHome.swift in Sources */ = {isa = PBXBuildFile; fileRef = 7A3651432B1D290B0052B071 /* RoomHome.swift */; };
		7A3651462B1D60920052B071 /* JoinRoom.swift in Sources */ = {isa = PBXBuildFile; fileRef = 7A3651452B1D60920052B071 /* JoinRoom.swift */; };
		7A93C2872B01663900C2C69A /* MenuView.swift in Sources */ = {isa = PBXBuildFile; fileRef = 7A93C2862B01663900C2C69A /* MenuView.swift */; };
		7A93C2892B01B29500C2C69A /* RoomTile.swift in Sources */ = {isa = PBXBuildFile; fileRef = 7A93C2882B01B29500C2C69A /* RoomTile.swift */; };
		B21F02202AF01F1A0001E8FB /* CustomModifiers.swift in Sources */ = {isa = PBXBuildFile; fileRef = B21F021F2AF01F1A0001E8FB /* CustomModifiers.swift */; };
		B21F02222AF025E90001E8FB /* LineText.swift in Sources */ = {isa = PBXBuildFile; fileRef = B21F02212AF025E90001E8FB /* LineText.swift */; };
		B21F02302AF18B300001E8FB /* GoogleSignIn in Frameworks */ = {isa = PBXBuildFile; productRef = B21F022F2AF18B300001E8FB /* GoogleSignIn */; };
		B21F02322AF18B300001E8FB /* GoogleSignInSwift in Frameworks */ = {isa = PBXBuildFile; productRef = B21F02312AF18B300001E8FB /* GoogleSignInSwift */; };
		B21F02342AF18F080001E8FB /* AuthModel.swift in Sources */ = {isa = PBXBuildFile; fileRef = B21F02332AF18F080001E8FB /* AuthModel.swift */; };
		B21F02562AF1B1700001E8FB /* MainScreen.swift in Sources */ = {isa = PBXBuildFile; fileRef = B21F02552AF1B1700001E8FB /* MainScreen.swift */; };
		B21F025D2AF1BD1A0001E8FB /* GoogleService-Info.plist in Resources */ = {isa = PBXBuildFile; fileRef = B21F025C2AF1BD1A0001E8FB /* GoogleService-Info.plist */; };
		B21F02602AF1BFC00001E8FB /* FirebaseAuth in Frameworks */ = {isa = PBXBuildFile; productRef = B21F025F2AF1BFC00001E8FB /* FirebaseAuth */; };
		B21F02622AF1BFC00001E8FB /* FirebaseAuthCombine-Community in Frameworks */ = {isa = PBXBuildFile; productRef = B21F02612AF1BFC00001E8FB /* FirebaseAuthCombine-Community */; };
		B21F02642AF1BFC00001E8FB /* FirebaseFirestore in Frameworks */ = {isa = PBXBuildFile; productRef = B21F02632AF1BFC00001E8FB /* FirebaseFirestore */; };
		B21F02662AF1BFC00001E8FB /* FirebaseFirestoreCombine-Community in Frameworks */ = {isa = PBXBuildFile; productRef = B21F02652AF1BFC00001E8FB /* FirebaseFirestoreCombine-Community */; };
		B21F02682AF1BFC00001E8FB /* FirebaseFirestoreSwift in Frameworks */ = {isa = PBXBuildFile; productRef = B21F02672AF1BFC00001E8FB /* FirebaseFirestoreSwift */; };
		B21F026A2AF1BFC00001E8FB /* FirebaseFunctions in Frameworks */ = {isa = PBXBuildFile; productRef = B21F02692AF1BFC00001E8FB /* FirebaseFunctions */; };
		B21F026C2AF1BFC00001E8FB /* FirebaseFunctionsCombine-Community in Frameworks */ = {isa = PBXBuildFile; productRef = B21F026B2AF1BFC00001E8FB /* FirebaseFunctionsCombine-Community */; };
		B285F46A2AF211E30096EE9E /* Chat.swift in Sources */ = {isa = PBXBuildFile; fileRef = B285F4692AF211E30096EE9E /* Chat.swift */; };
		B285F46E2AF211FA0096EE9E /* ChatScreen.swift in Sources */ = {isa = PBXBuildFile; fileRef = B285F46D2AF211FA0096EE9E /* ChatScreen.swift */; };
		B285F4702AF212040096EE9E /* ChatStore.swift in Sources */ = {isa = PBXBuildFile; fileRef = B285F46F2AF212040096EE9E /* ChatStore.swift */; };
		B28B6D0D2B1F7F5600D19713 /* AllEvents.swift in Sources */ = {isa = PBXBuildFile; fileRef = B28B6D0C2B1F7F5600D19713 /* AllEvents.swift */; };
		B2958F432AEDF0E500C9BBFF /* RoomieMatterApp.swift in Sources */ = {isa = PBXBuildFile; fileRef = B2958F422AEDF0E500C9BBFF /* RoomieMatterApp.swift */; };
		B2958F452AEDF0E500C9BBFF /* AuthScreen.swift in Sources */ = {isa = PBXBuildFile; fileRef = B2958F442AEDF0E500C9BBFF /* AuthScreen.swift */; };
		B2958F472AEDF0E600C9BBFF /* Assets.xcassets in Resources */ = {isa = PBXBuildFile; fileRef = B2958F462AEDF0E600C9BBFF /* Assets.xcassets */; };
		B2958F4A2AEDF0E600C9BBFF /* Preview Assets.xcassets in Resources */ = {isa = PBXBuildFile; fileRef = B2958F492AEDF0E600C9BBFF /* Preview Assets.xcassets */; };
		B2FB8B3C2AEECDF400DEBF12 /* InputView.swift in Sources */ = {isa = PBXBuildFile; fileRef = B2FB8B3B2AEECDF400DEBF12 /* InputView.swift */; };
		B2FB8B442AEED92000DEBF12 /* Constants.swift in Sources */ = {isa = PBXBuildFile; fileRef = B2FB8B432AEED92000DEBF12 /* Constants.swift */; };
		EE36BB972B1659D0009C5B5C /* CustomButton.swift in Sources */ = {isa = PBXBuildFile; fileRef = EE36BB962B1659D0009C5B5C /* CustomButton.swift */; };
		EE36BB992B1659F6009C5B5C /* CustomTextEditor.swift in Sources */ = {isa = PBXBuildFile; fileRef = EE36BB982B1659F6009C5B5C /* CustomTextEditor.swift */; };
		EE36BB9C2B165AE7009C5B5C /* EditChoreView.swift in Sources */ = {isa = PBXBuildFile; fileRef = EE36BB9B2B165AE7009C5B5C /* EditChoreView.swift */; };
		EE36BB9E2B165AFB009C5B5C /* EditChoreViewModel.swift in Sources */ = {isa = PBXBuildFile; fileRef = EE36BB9D2B165AFB009C5B5C /* EditChoreViewModel.swift */; };
		EE36BBA12B165C32009C5B5C /* ChoreViewViewModel.swift in Sources */ = {isa = PBXBuildFile; fileRef = EE36BBA02B165C32009C5B5C /* ChoreViewViewModel.swift */; };
		EE36BBA42B1661C5009C5B5C /* EditEventViewViewModel.swift in Sources */ = {isa = PBXBuildFile; fileRef = EE36BBA32B1661C5009C5B5C /* EditEventViewViewModel.swift */; };
		EE36BBA62B1661D1009C5B5C /* EditEventView.swift in Sources */ = {isa = PBXBuildFile; fileRef = EE36BBA52B1661D1009C5B5C /* EditEventView.swift */; };
		EE36BBA82B17AFEF009C5B5C /* Event.swift in Sources */ = {isa = PBXBuildFile; fileRef = EE36BBA72B17AFEF009C5B5C /* Event.swift */; };
		EE36BBAE2B17B84A009C5B5C /* EventViewViewModel.swift in Sources */ = {isa = PBXBuildFile; fileRef = EE36BBAD2B17B84A009C5B5C /* EventViewViewModel.swift */; };
		EE36BBB02B17B853009C5B5C /* EventView.swift in Sources */ = {isa = PBXBuildFile; fileRef = EE36BBAF2B17B853009C5B5C /* EventView.swift */; };
		EEFC8F592AFAF90D002AE087 /* LoggedInView.swift in Sources */ = {isa = PBXBuildFile; fileRef = EEFC8F582AFAF90D002AE087 /* LoggedInView.swift */; };
		EEFC8FE62AFD6797002AE087 /* RoommateStatusView.swift in Sources */ = {isa = PBXBuildFile; fileRef = EEFC8FE12AFD6796002AE087 /* RoommateStatusView.swift */; };
		F4E3200B2B00729900DB34D3 /* Roommate.swift in Sources */ = {isa = PBXBuildFile; fileRef = EEFC8FE22AFD6796002AE087 /* Roommate.swift */; };
		F4E3200C2B00729E00DB34D3 /* HomeView.swift in Sources */ = {isa = PBXBuildFile; fileRef = EEFC8FDF2AFD6796002AE087 /* HomeView.swift */; };
		F4E3200D2B0072A100DB34D3 /* ChoreView.swift in Sources */ = {isa = PBXBuildFile; fileRef = EEFC8FE02AFD6796002AE087 /* ChoreView.swift */; };
		F4E3200E2B0072A700DB34D3 /* Chore.swift in Sources */ = {isa = PBXBuildFile; fileRef = EEFC8FE32AFD6796002AE087 /* Chore.swift */; };
		F805C0932B15BFD500F6AA9E /* SyncCalendarView.swift in Sources */ = {isa = PBXBuildFile; fileRef = F805C0912B15BFD500F6AA9E /* SyncCalendarView.swift */; };
		F805C0942B15BFD500F6AA9E /* CalendarView.swift in Sources */ = {isa = PBXBuildFile; fileRef = F805C0922B15BFD500F6AA9E /* CalendarView.swift */; };
		F84D7D682B1D795F00DA8D87 /* Status.swift in Sources */ = {isa = PBXBuildFile; fileRef = F84D7D672B1D795F00DA8D87 /* Status.swift */; };
		F85B9ADD2B01EB74008F35C2 /* LoggedInViewViewModel.swift in Sources */ = {isa = PBXBuildFile; fileRef = F85B9ADC2B01EB74008F35C2 /* LoggedInViewViewModel.swift */; };
		F85B9AE92B01EC55008F35C2 /* AllChores.swift in Sources */ = {isa = PBXBuildFile; fileRef = F85B9AE42B01EC55008F35C2 /* AllChores.swift */; };
		F85B9AEA2B01EC55008F35C2 /* ExpandedChore.swift in Sources */ = {isa = PBXBuildFile; fileRef = F85B9AE52B01EC55008F35C2 /* ExpandedChore.swift */; };
		F85B9AEB2B01EC55008F35C2 /* HomeViewViewModel.swift in Sources */ = {isa = PBXBuildFile; fileRef = F85B9AE62B01EC55008F35C2 /* HomeViewViewModel.swift */; };
		F85B9AEC2B01EC55008F35C2 /* MyChores.swift in Sources */ = {isa = PBXBuildFile; fileRef = F85B9AE72B01EC55008F35C2 /* MyChores.swift */; };
		F85B9AED2B01EC55008F35C2 /* ProfileView.swift in Sources */ = {isa = PBXBuildFile; fileRef = F85B9AE82B01EC55008F35C2 /* ProfileView.swift */; };
		F8A48F3C2B17F6C700B0638D /* AddEventViewModel.swift in Sources */ = {isa = PBXBuildFile; fileRef = F8A48F382B17F6C700B0638D /* AddEventViewModel.swift */; };
		F8A48F3D2B17F6C700B0638D /* AddEventView.swift in Sources */ = {isa = PBXBuildFile; fileRef = F8A48F392B17F6C700B0638D /* AddEventView.swift */; };
		F8A48F3E2B17F6C700B0638D /* AddChoreView.swift in Sources */ = {isa = PBXBuildFile; fileRef = F8A48F3A2B17F6C700B0638D /* AddChoreView.swift */; };
		F8A48F3F2B17F6C700B0638D /* AddChoreViewModel.swift in Sources */ = {isa = PBXBuildFile; fileRef = F8A48F3B2B17F6C700B0638D /* AddChoreViewModel.swift */; };
		F8A48F412B17F6E200B0638D /* EventInfo.swift in Sources */ = {isa = PBXBuildFile; fileRef = F8A48F402B17F6E200B0638D /* EventInfo.swift */; };
/* End PBXBuildFile section */

/* Begin PBXFileReference section */
		21F5B4522AF83C4B008124D0 /* TextBubble.swift */ = {isa = PBXFileReference; lastKnownFileType = sourcecode.swift; path = TextBubble.swift; sourceTree = "<group>"; };
		21F5B4542AF84202008124D0 /* AuthenticationViewModel.swift */ = {isa = PBXFileReference; lastKnownFileType = sourcecode.swift; path = AuthenticationViewModel.swift; sourceTree = "<group>"; };
		7A269D652B190B31009CEE1F /* CreateRoom.swift */ = {isa = PBXFileReference; lastKnownFileType = sourcecode.swift; path = CreateRoom.swift; sourceTree = "<group>"; };
		7A3651432B1D290B0052B071 /* RoomHome.swift */ = {isa = PBXFileReference; lastKnownFileType = sourcecode.swift; path = RoomHome.swift; sourceTree = "<group>"; };
		7A3651452B1D60920052B071 /* JoinRoom.swift */ = {isa = PBXFileReference; lastKnownFileType = sourcecode.swift; path = JoinRoom.swift; sourceTree = "<group>"; };
		7A93C2862B01663900C2C69A /* MenuView.swift */ = {isa = PBXFileReference; lastKnownFileType = sourcecode.swift; path = MenuView.swift; sourceTree = "<group>"; };
		7A93C2882B01B29500C2C69A /* RoomTile.swift */ = {isa = PBXFileReference; lastKnownFileType = sourcecode.swift; path = RoomTile.swift; sourceTree = "<group>"; };
		B21F021F2AF01F1A0001E8FB /* CustomModifiers.swift */ = {isa = PBXFileReference; lastKnownFileType = sourcecode.swift; path = CustomModifiers.swift; sourceTree = "<group>"; };
		B21F02212AF025E90001E8FB /* LineText.swift */ = {isa = PBXFileReference; lastKnownFileType = sourcecode.swift; path = LineText.swift; sourceTree = "<group>"; };
		B21F02332AF18F080001E8FB /* AuthModel.swift */ = {isa = PBXFileReference; lastKnownFileType = sourcecode.swift; path = AuthModel.swift; sourceTree = "<group>"; };
		B21F02552AF1B1700001E8FB /* MainScreen.swift */ = {isa = PBXFileReference; lastKnownFileType = sourcecode.swift; path = MainScreen.swift; sourceTree = "<group>"; };
		B21F025C2AF1BD1A0001E8FB /* GoogleService-Info.plist */ = {isa = PBXFileReference; fileEncoding = 4; lastKnownFileType = text.plist.xml; path = "GoogleService-Info.plist"; sourceTree = "<group>"; };
		B285F4692AF211E30096EE9E /* Chat.swift */ = {isa = PBXFileReference; lastKnownFileType = sourcecode.swift; path = Chat.swift; sourceTree = "<group>"; };
		B285F46D2AF211FA0096EE9E /* ChatScreen.swift */ = {isa = PBXFileReference; lastKnownFileType = sourcecode.swift; path = ChatScreen.swift; sourceTree = "<group>"; };
		B285F46F2AF212040096EE9E /* ChatStore.swift */ = {isa = PBXFileReference; lastKnownFileType = sourcecode.swift; path = ChatStore.swift; sourceTree = "<group>"; };
		B28B6D0C2B1F7F5600D19713 /* AllEvents.swift */ = {isa = PBXFileReference; fileEncoding = 4; lastKnownFileType = sourcecode.swift; path = AllEvents.swift; sourceTree = "<group>"; };
		B2958F3F2AEDF0E500C9BBFF /* RoomieMatter.app */ = {isa = PBXFileReference; explicitFileType = wrapper.application; includeInIndex = 0; path = RoomieMatter.app; sourceTree = BUILT_PRODUCTS_DIR; };
		B2958F422AEDF0E500C9BBFF /* RoomieMatterApp.swift */ = {isa = PBXFileReference; lastKnownFileType = sourcecode.swift; path = RoomieMatterApp.swift; sourceTree = "<group>"; };
		B2958F442AEDF0E500C9BBFF /* AuthScreen.swift */ = {isa = PBXFileReference; lastKnownFileType = sourcecode.swift; path = AuthScreen.swift; sourceTree = "<group>"; };
		B2958F462AEDF0E600C9BBFF /* Assets.xcassets */ = {isa = PBXFileReference; lastKnownFileType = folder.assetcatalog; path = Assets.xcassets; sourceTree = "<group>"; };
		B2958F492AEDF0E600C9BBFF /* Preview Assets.xcassets */ = {isa = PBXFileReference; lastKnownFileType = folder.assetcatalog; path = "Preview Assets.xcassets"; sourceTree = "<group>"; };
		B2FB8B382AEEC85B00DEBF12 /* Info.plist */ = {isa = PBXFileReference; lastKnownFileType = text.plist; path = Info.plist; sourceTree = "<group>"; };
		B2FB8B3B2AEECDF400DEBF12 /* InputView.swift */ = {isa = PBXFileReference; lastKnownFileType = sourcecode.swift; path = InputView.swift; sourceTree = "<group>"; };
		B2FB8B432AEED92000DEBF12 /* Constants.swift */ = {isa = PBXFileReference; lastKnownFileType = sourcecode.swift; path = Constants.swift; sourceTree = "<group>"; };
		EE36BB962B1659D0009C5B5C /* CustomButton.swift */ = {isa = PBXFileReference; lastKnownFileType = sourcecode.swift; path = CustomButton.swift; sourceTree = "<group>"; };
		EE36BB982B1659F6009C5B5C /* CustomTextEditor.swift */ = {isa = PBXFileReference; lastKnownFileType = sourcecode.swift; path = CustomTextEditor.swift; sourceTree = "<group>"; };
		EE36BB9B2B165AE7009C5B5C /* EditChoreView.swift */ = {isa = PBXFileReference; lastKnownFileType = sourcecode.swift; path = EditChoreView.swift; sourceTree = "<group>"; };
		EE36BB9D2B165AFB009C5B5C /* EditChoreViewModel.swift */ = {isa = PBXFileReference; lastKnownFileType = sourcecode.swift; path = EditChoreViewModel.swift; sourceTree = "<group>"; };
		EE36BBA02B165C32009C5B5C /* ChoreViewViewModel.swift */ = {isa = PBXFileReference; lastKnownFileType = sourcecode.swift; path = ChoreViewViewModel.swift; sourceTree = "<group>"; };
		EE36BBA32B1661C5009C5B5C /* EditEventViewViewModel.swift */ = {isa = PBXFileReference; lastKnownFileType = sourcecode.swift; path = EditEventViewViewModel.swift; sourceTree = "<group>"; };
		EE36BBA52B1661D1009C5B5C /* EditEventView.swift */ = {isa = PBXFileReference; lastKnownFileType = sourcecode.swift; path = EditEventView.swift; sourceTree = "<group>"; };
		EE36BBA72B17AFEF009C5B5C /* Event.swift */ = {isa = PBXFileReference; lastKnownFileType = sourcecode.swift; path = Event.swift; sourceTree = "<group>"; };
		EE36BBAD2B17B84A009C5B5C /* EventViewViewModel.swift */ = {isa = PBXFileReference; lastKnownFileType = sourcecode.swift; path = EventViewViewModel.swift; sourceTree = "<group>"; };
		EE36BBAF2B17B853009C5B5C /* EventView.swift */ = {isa = PBXFileReference; lastKnownFileType = sourcecode.swift; path = EventView.swift; sourceTree = "<group>"; };
		EEFC8F582AFAF90D002AE087 /* LoggedInView.swift */ = {isa = PBXFileReference; lastKnownFileType = sourcecode.swift; path = LoggedInView.swift; sourceTree = "<group>"; };
		EEFC8FDF2AFD6796002AE087 /* HomeView.swift */ = {isa = PBXFileReference; fileEncoding = 4; lastKnownFileType = sourcecode.swift; path = HomeView.swift; sourceTree = "<group>"; };
		EEFC8FE02AFD6796002AE087 /* ChoreView.swift */ = {isa = PBXFileReference; fileEncoding = 4; lastKnownFileType = sourcecode.swift; path = ChoreView.swift; sourceTree = "<group>"; };
		EEFC8FE12AFD6796002AE087 /* RoommateStatusView.swift */ = {isa = PBXFileReference; fileEncoding = 4; lastKnownFileType = sourcecode.swift; path = RoommateStatusView.swift; sourceTree = "<group>"; };
		EEFC8FE22AFD6796002AE087 /* Roommate.swift */ = {isa = PBXFileReference; fileEncoding = 4; lastKnownFileType = sourcecode.swift; path = Roommate.swift; sourceTree = "<group>"; };
		EEFC8FE32AFD6796002AE087 /* Chore.swift */ = {isa = PBXFileReference; fileEncoding = 4; lastKnownFileType = sourcecode.swift; path = Chore.swift; sourceTree = "<group>"; };
		F805C0912B15BFD500F6AA9E /* SyncCalendarView.swift */ = {isa = PBXFileReference; fileEncoding = 4; lastKnownFileType = sourcecode.swift; name = SyncCalendarView.swift; path = Calendar/SyncCalendarView.swift; sourceTree = "<group>"; };
		F805C0922B15BFD500F6AA9E /* CalendarView.swift */ = {isa = PBXFileReference; fileEncoding = 4; lastKnownFileType = sourcecode.swift; name = CalendarView.swift; path = Calendar/CalendarView.swift; sourceTree = "<group>"; };
		F84D7D672B1D795F00DA8D87 /* Status.swift */ = {isa = PBXFileReference; lastKnownFileType = sourcecode.swift; path = Status.swift; sourceTree = "<group>"; };
		F85B9ADC2B01EB74008F35C2 /* LoggedInViewViewModel.swift */ = {isa = PBXFileReference; fileEncoding = 4; lastKnownFileType = sourcecode.swift; path = LoggedInViewViewModel.swift; sourceTree = "<group>"; };
		F85B9AE42B01EC55008F35C2 /* AllChores.swift */ = {isa = PBXFileReference; fileEncoding = 4; lastKnownFileType = sourcecode.swift; path = AllChores.swift; sourceTree = "<group>"; };
		F85B9AE52B01EC55008F35C2 /* ExpandedChore.swift */ = {isa = PBXFileReference; fileEncoding = 4; lastKnownFileType = sourcecode.swift; path = ExpandedChore.swift; sourceTree = "<group>"; };
		F85B9AE62B01EC55008F35C2 /* HomeViewViewModel.swift */ = {isa = PBXFileReference; fileEncoding = 4; lastKnownFileType = sourcecode.swift; path = HomeViewViewModel.swift; sourceTree = "<group>"; };
		F85B9AE72B01EC55008F35C2 /* MyChores.swift */ = {isa = PBXFileReference; fileEncoding = 4; lastKnownFileType = sourcecode.swift; path = MyChores.swift; sourceTree = "<group>"; };
		F85B9AE82B01EC55008F35C2 /* ProfileView.swift */ = {isa = PBXFileReference; fileEncoding = 4; lastKnownFileType = sourcecode.swift; path = ProfileView.swift; sourceTree = "<group>"; };
		F8A48F382B17F6C700B0638D /* AddEventViewModel.swift */ = {isa = PBXFileReference; fileEncoding = 4; lastKnownFileType = sourcecode.swift; path = AddEventViewModel.swift; sourceTree = "<group>"; };
		F8A48F392B17F6C700B0638D /* AddEventView.swift */ = {isa = PBXFileReference; fileEncoding = 4; lastKnownFileType = sourcecode.swift; path = AddEventView.swift; sourceTree = "<group>"; };
		F8A48F3A2B17F6C700B0638D /* AddChoreView.swift */ = {isa = PBXFileReference; fileEncoding = 4; lastKnownFileType = sourcecode.swift; path = AddChoreView.swift; sourceTree = "<group>"; };
		F8A48F3B2B17F6C700B0638D /* AddChoreViewModel.swift */ = {isa = PBXFileReference; fileEncoding = 4; lastKnownFileType = sourcecode.swift; path = AddChoreViewModel.swift; sourceTree = "<group>"; };
		F8A48F402B17F6E200B0638D /* EventInfo.swift */ = {isa = PBXFileReference; fileEncoding = 4; lastKnownFileType = sourcecode.swift; path = EventInfo.swift; sourceTree = "<group>"; };
/* End PBXFileReference section */

/* Begin PBXFrameworksBuildPhase section */
		B2958F3C2AEDF0E500C9BBFF /* Frameworks */ = {
			isa = PBXFrameworksBuildPhase;
			buildActionMask = 2147483647;
			files = (
				B21F02322AF18B300001E8FB /* GoogleSignInSwift in Frameworks */,
				B21F02602AF1BFC00001E8FB /* FirebaseAuth in Frameworks */,
				B21F026C2AF1BFC00001E8FB /* FirebaseFunctionsCombine-Community in Frameworks */,
				B21F02302AF18B300001E8FB /* GoogleSignIn in Frameworks */,
				B21F026A2AF1BFC00001E8FB /* FirebaseFunctions in Frameworks */,
				B21F02682AF1BFC00001E8FB /* FirebaseFirestoreSwift in Frameworks */,
				B21F02662AF1BFC00001E8FB /* FirebaseFirestoreCombine-Community in Frameworks */,
				B21F02642AF1BFC00001E8FB /* FirebaseFirestore in Frameworks */,
				B21F02622AF1BFC00001E8FB /* FirebaseAuthCombine-Community in Frameworks */,
			);
			runOnlyForDeploymentPostprocessing = 0;
		};
/* End PBXFrameworksBuildPhase section */

/* Begin PBXGroup section */
		B21F02542AF1B14D0001E8FB /* Main */ = {
			isa = PBXGroup;
			children = (
				B21F02552AF1B1700001E8FB /* MainScreen.swift */,
			);
			path = Main;
			sourceTree = "<group>";
		};
		B21F02572AF1B7800001E8FB /* Models */ = {
			isa = PBXGroup;
			children = (
				B21F02332AF18F080001E8FB /* AuthModel.swift */,
				21F5B4542AF84202008124D0 /* AuthenticationViewModel.swift */,
			);
			path = Models;
			sourceTree = "<group>";
		};
		B285F4682AF211B50096EE9E /* Chat */ = {
			isa = PBXGroup;
			children = (
				B285F4692AF211E30096EE9E /* Chat.swift */,
				B285F46D2AF211FA0096EE9E /* ChatScreen.swift */,
				B285F46F2AF212040096EE9E /* ChatStore.swift */,
			);
			path = Chat;
			sourceTree = "<group>";
		};
		B2958F362AEDF0E500C9BBFF = {
			isa = PBXGroup;
			children = (
				B2958F412AEDF0E500C9BBFF /* RoomieMatter */,
				B2958F402AEDF0E500C9BBFF /* Products */,
			);
			sourceTree = "<group>";
		};
		B2958F402AEDF0E500C9BBFF /* Products */ = {
			isa = PBXGroup;
			children = (
				B2958F3F2AEDF0E500C9BBFF /* RoomieMatter.app */,
			);
			name = Products;
			sourceTree = "<group>";
		};
		B2958F412AEDF0E500C9BBFF /* RoomieMatter */ = {
			isa = PBXGroup;
			children = (
				B2FB8B382AEEC85B00DEBF12 /* Info.plist */,
				B2FB8B312AEEB8AC00DEBF12 /* Sources */,
				B2FB8B302AEEB89B00DEBF12 /* Resources */,
				B2958F482AEDF0E600C9BBFF /* Preview Content */,
			);
			path = RoomieMatter;
			sourceTree = "<group>";
		};
		B2958F482AEDF0E600C9BBFF /* Preview Content */ = {
			isa = PBXGroup;
			children = (
				B2958F492AEDF0E600C9BBFF /* Preview Assets.xcassets */,
			);
			path = "Preview Content";
			sourceTree = "<group>";
		};
		B2FB8B302AEEB89B00DEBF12 /* Resources */ = {
			isa = PBXGroup;
			children = (
				B21F025C2AF1BD1A0001E8FB /* GoogleService-Info.plist */,
				B2958F462AEDF0E600C9BBFF /* Assets.xcassets */,
			);
			path = Resources;
			sourceTree = "<group>";
		};
		B2FB8B312AEEB8AC00DEBF12 /* Sources */ = {
			isa = PBXGroup;
			children = (
				B21F02572AF1B7800001E8FB /* Models */,
				B2FB8B402AEED6EF00DEBF12 /* Settings */,
				B2FB8B392AEECD3300DEBF12 /* Views */,
				B2FB8B322AEEBA8100DEBF12 /* Screens */,
				B2958F422AEDF0E500C9BBFF /* RoomieMatterApp.swift */,
			);
			path = Sources;
			sourceTree = "<group>";
		};
		B2FB8B322AEEBA8100DEBF12 /* Screens */ = {
			isa = PBXGroup;
			children = (
				F805C0922B15BFD500F6AA9E /* CalendarView.swift */,
				F805C0912B15BFD500F6AA9E /* SyncCalendarView.swift */,
				EEFC8FDE2AFD6796002AE087 /* LoggedIn */,
				B285F4682AF211B50096EE9E /* Chat */,
				B21F02542AF1B14D0001E8FB /* Main */,
				B2FB8B332AEEBAEA00DEBF12 /* Auth */,
				EEFC8F582AFAF90D002AE087 /* LoggedInView.swift */,
				F85B9ADC2B01EB74008F35C2 /* LoggedInViewViewModel.swift */,
			);
			path = Screens;
			sourceTree = "<group>";
		};
		B2FB8B332AEEBAEA00DEBF12 /* Auth */ = {
			isa = PBXGroup;
			children = (
				B2958F442AEDF0E500C9BBFF /* AuthScreen.swift */,
			);
			path = Auth;
			sourceTree = "<group>";
		};
		B2FB8B392AEECD3300DEBF12 /* Views */ = {
			isa = PBXGroup;
			children = (
				B2FB8B3B2AEECDF400DEBF12 /* InputView.swift */,
				B21F02212AF025E90001E8FB /* LineText.swift */,
				21F5B4522AF83C4B008124D0 /* TextBubble.swift */,
				EE36BB962B1659D0009C5B5C /* CustomButton.swift */,
				EE36BB982B1659F6009C5B5C /* CustomTextEditor.swift */,
			);
			path = Views;
			sourceTree = "<group>";
		};
		B2FB8B402AEED6EF00DEBF12 /* Settings */ = {
			isa = PBXGroup;
			children = (
				B2FB8B432AEED92000DEBF12 /* Constants.swift */,
				B21F021F2AF01F1A0001E8FB /* CustomModifiers.swift */,
			);
			path = Settings;
			sourceTree = "<group>";
		};
		EE36BB9A2B165AB4009C5B5C /* ManageChore */ = {
			isa = PBXGroup;
			children = (
				EE36BB9B2B165AE7009C5B5C /* EditChoreView.swift */,
				EE36BB9D2B165AFB009C5B5C /* EditChoreViewModel.swift */,
				F8A48F3A2B17F6C700B0638D /* AddChoreView.swift */,
				F8A48F3B2B17F6C700B0638D /* AddChoreViewModel.swift */,
			);
			path = ManageChore;
			sourceTree = "<group>";
		};
		EE36BB9F2B165B31009C5B5C /* HomeView */ = {
			isa = PBXGroup;
			children = (
				EEFC8FDF2AFD6796002AE087 /* HomeView.swift */,
				F85B9AE62B01EC55008F35C2 /* HomeViewViewModel.swift */,
				EEFC8FE02AFD6796002AE087 /* ChoreView.swift */,
				B28B6D0C2B1F7F5600D19713 /* AllEvents.swift */,
				EE36BBA02B165C32009C5B5C /* ChoreViewViewModel.swift */,
				EE36BBAF2B17B853009C5B5C /* EventView.swift */,
				EE36BBAD2B17B84A009C5B5C /* EventViewViewModel.swift */,
				EEFC8FE12AFD6796002AE087 /* RoommateStatusView.swift */,
				F85B9AE42B01EC55008F35C2 /* AllChores.swift */,
				F85B9AE52B01EC55008F35C2 /* ExpandedChore.swift */,
				F85B9AE72B01EC55008F35C2 /* MyChores.swift */,
			);
			path = HomeView;
			sourceTree = "<group>";
		};
		EE36BBA22B1661A2009C5B5C /* ManageEvent */ = {
			isa = PBXGroup;
			children = (
				F8A48F392B17F6C700B0638D /* AddEventView.swift */,
				F8A48F382B17F6C700B0638D /* AddEventViewModel.swift */,
				EE36BBA52B1661D1009C5B5C /* EditEventView.swift */,
				EE36BBA32B1661C5009C5B5C /* EditEventViewViewModel.swift */,
			);
			path = ManageEvent;
			sourceTree = "<group>";
		};
		EEFC8FDE2AFD6796002AE087 /* LoggedIn */ = {
			isa = PBXGroup;
			children = (
				EE36BB9F2B165B31009C5B5C /* HomeView */,
				EE36BB9A2B165AB4009C5B5C /* ManageChore */,
				EE36BBA22B1661A2009C5B5C /* ManageEvent */,
				EEFC8FE22AFD6796002AE087 /* Roommate.swift */,
				EEFC8FE32AFD6796002AE087 /* Chore.swift */,
				F8A48F402B17F6E200B0638D /* EventInfo.swift */,
				EE36BBA72B17AFEF009C5B5C /* Event.swift */,
				F85B9AE82B01EC55008F35C2 /* ProfileView.swift */,
				F84D7D672B1D795F00DA8D87 /* Status.swift */,
				7A93C2862B01663900C2C69A /* MenuView.swift */,
				7A93C2882B01B29500C2C69A /* RoomTile.swift */,
				7A269D652B190B31009CEE1F /* CreateRoom.swift */,
				7A3651452B1D60920052B071 /* JoinRoom.swift */,
				7A3651432B1D290B0052B071 /* RoomHome.swift */,
			);
			path = LoggedIn;
			sourceTree = "<group>";
		};
/* End PBXGroup section */

/* Begin PBXNativeTarget section */
		B2958F3E2AEDF0E500C9BBFF /* RoomieMatter */ = {
			isa = PBXNativeTarget;
			buildConfigurationList = B2958F4D2AEDF0E600C9BBFF /* Build configuration list for PBXNativeTarget "RoomieMatter" */;
			buildPhases = (
				B2958F3B2AEDF0E500C9BBFF /* Sources */,
				B2958F3C2AEDF0E500C9BBFF /* Frameworks */,
				B2958F3D2AEDF0E500C9BBFF /* Resources */,
			);
			buildRules = (
			);
			dependencies = (
			);
			name = RoomieMatter;
			packageProductDependencies = (
				B21F022F2AF18B300001E8FB /* GoogleSignIn */,
				B21F02312AF18B300001E8FB /* GoogleSignInSwift */,
				B21F025F2AF1BFC00001E8FB /* FirebaseAuth */,
				B21F02612AF1BFC00001E8FB /* FirebaseAuthCombine-Community */,
				B21F02632AF1BFC00001E8FB /* FirebaseFirestore */,
				B21F02652AF1BFC00001E8FB /* FirebaseFirestoreCombine-Community */,
				B21F02672AF1BFC00001E8FB /* FirebaseFirestoreSwift */,
				B21F02692AF1BFC00001E8FB /* FirebaseFunctions */,
				B21F026B2AF1BFC00001E8FB /* FirebaseFunctionsCombine-Community */,
			);
			productName = RoomieMatter;
			productReference = B2958F3F2AEDF0E500C9BBFF /* RoomieMatter.app */;
			productType = "com.apple.product-type.application";
		};
/* End PBXNativeTarget section */

/* Begin PBXProject section */
		B2958F372AEDF0E500C9BBFF /* Project object */ = {
			isa = PBXProject;
			attributes = {
				BuildIndependentTargetsInParallel = 1;
				LastSwiftUpdateCheck = 1500;
				LastUpgradeCheck = 1500;
				TargetAttributes = {
					B2958F3E2AEDF0E500C9BBFF = {
						CreatedOnToolsVersion = 15.0.1;
					};
				};
			};
			buildConfigurationList = B2958F3A2AEDF0E500C9BBFF /* Build configuration list for PBXProject "RoomieMatter" */;
			compatibilityVersion = "Xcode 14.0";
			developmentRegion = en;
			hasScannedForEncodings = 0;
			knownRegions = (
				en,
				Base,
			);
			mainGroup = B2958F362AEDF0E500C9BBFF;
			packageReferences = (
				B21F022E2AF18B300001E8FB /* XCRemoteSwiftPackageReference "GoogleSignIn-iOS" */,
				B21F025E2AF1BFC00001E8FB /* XCRemoteSwiftPackageReference "firebase-ios-sdk" */,
			);
			productRefGroup = B2958F402AEDF0E500C9BBFF /* Products */;
			projectDirPath = "";
			projectRoot = "";
			targets = (
				B2958F3E2AEDF0E500C9BBFF /* RoomieMatter */,
			);
		};
/* End PBXProject section */

/* Begin PBXResourcesBuildPhase section */
		B2958F3D2AEDF0E500C9BBFF /* Resources */ = {
			isa = PBXResourcesBuildPhase;
			buildActionMask = 2147483647;
			files = (
				B2958F4A2AEDF0E600C9BBFF /* Preview Assets.xcassets in Resources */,
				B2958F472AEDF0E600C9BBFF /* Assets.xcassets in Resources */,
				B21F025D2AF1BD1A0001E8FB /* GoogleService-Info.plist in Resources */,
			);
			runOnlyForDeploymentPostprocessing = 0;
		};
/* End PBXResourcesBuildPhase section */

/* Begin PBXSourcesBuildPhase section */
		B2958F3B2AEDF0E500C9BBFF /* Sources */ = {
			isa = PBXSourcesBuildPhase;
			buildActionMask = 2147483647;
			files = (
				F8A48F412B17F6E200B0638D /* EventInfo.swift in Sources */,
				F8A48F3E2B17F6C700B0638D /* AddChoreView.swift in Sources */,
				EEFC8FE62AFD6797002AE087 /* RoommateStatusView.swift in Sources */,
				F4E3200B2B00729900DB34D3 /* Roommate.swift in Sources */,
				F805C0942B15BFD500F6AA9E /* CalendarView.swift in Sources */,
				B2FB8B442AEED92000DEBF12 /* Constants.swift in Sources */,
				EE36BBAE2B17B84A009C5B5C /* EventViewViewModel.swift in Sources */,
				B21F02562AF1B1700001E8FB /* MainScreen.swift in Sources */,
				EE36BBA12B165C32009C5B5C /* ChoreViewViewModel.swift in Sources */,
				EE36BBA82B17AFEF009C5B5C /* Event.swift in Sources */,
				F84D7D682B1D795F00DA8D87 /* Status.swift in Sources */,
				B2FB8B3C2AEECDF400DEBF12 /* InputView.swift in Sources */,
				B285F46E2AF211FA0096EE9E /* ChatScreen.swift in Sources */,
				B28B6D0D2B1F7F5600D19713 /* AllEvents.swift in Sources */,
				B21F02222AF025E90001E8FB /* LineText.swift in Sources */,
				F8A48F3C2B17F6C700B0638D /* AddEventViewModel.swift in Sources */,
				EE36BBA62B1661D1009C5B5C /* EditEventView.swift in Sources */,
				7A93C2872B01663900C2C69A /* MenuView.swift in Sources */,
				7A93C2892B01B29500C2C69A /* RoomTile.swift in Sources */,
				7A3651442B1D290B0052B071 /* RoomHome.swift in Sources */,
				21F5B4552AF84202008124D0 /* AuthenticationViewModel.swift in Sources */,
				EE36BBB02B17B853009C5B5C /* EventView.swift in Sources */,
				B285F46A2AF211E30096EE9E /* Chat.swift in Sources */,
				7A3651462B1D60920052B071 /* JoinRoom.swift in Sources */,
				EE36BB9C2B165AE7009C5B5C /* EditChoreView.swift in Sources */,
				F85B9AED2B01EC55008F35C2 /* ProfileView.swift in Sources */,
				F4E3200D2B0072A100DB34D3 /* ChoreView.swift in Sources */,
				F8A48F3F2B17F6C700B0638D /* AddChoreViewModel.swift in Sources */,
				F805C0932B15BFD500F6AA9E /* SyncCalendarView.swift in Sources */,
				7A269D662B190B31009CEE1F /* CreateRoom.swift in Sources */,
				EE36BB9E2B165AFB009C5B5C /* EditChoreViewModel.swift in Sources */,
				EE36BBA42B1661C5009C5B5C /* EditEventViewViewModel.swift in Sources */,
				B285F4702AF212040096EE9E /* ChatStore.swift in Sources */,
				B2958F452AEDF0E500C9BBFF /* AuthScreen.swift in Sources */,
				EE36BB972B1659D0009C5B5C /* CustomButton.swift in Sources */,
				B21F02202AF01F1A0001E8FB /* CustomModifiers.swift in Sources */,
				EEFC8F592AFAF90D002AE087 /* LoggedInView.swift in Sources */,
				21F5B4532AF83C4B008124D0 /* TextBubble.swift in Sources */,
				B21F02342AF18F080001E8FB /* AuthModel.swift in Sources */,
				F85B9AEA2B01EC55008F35C2 /* ExpandedChore.swift in Sources */,
				F4E3200E2B0072A700DB34D3 /* Chore.swift in Sources */,
				EE36BB992B1659F6009C5B5C /* CustomTextEditor.swift in Sources */,
				B2958F432AEDF0E500C9BBFF /* RoomieMatterApp.swift in Sources */,
				F85B9AEC2B01EC55008F35C2 /* MyChores.swift in Sources */,
				F8A48F3D2B17F6C700B0638D /* AddEventView.swift in Sources */,
				F85B9ADD2B01EB74008F35C2 /* LoggedInViewViewModel.swift in Sources */,
				F4E3200C2B00729E00DB34D3 /* HomeView.swift in Sources */,
				F85B9AEB2B01EC55008F35C2 /* HomeViewViewModel.swift in Sources */,
				F85B9AE92B01EC55008F35C2 /* AllChores.swift in Sources */,
			);
			runOnlyForDeploymentPostprocessing = 0;
		};
/* End PBXSourcesBuildPhase section */

/* Begin XCBuildConfiguration section */
		B2958F4B2AEDF0E600C9BBFF /* Debug */ = {
			isa = XCBuildConfiguration;
			buildSettings = {
				ALWAYS_SEARCH_USER_PATHS = NO;
				ASSETCATALOG_COMPILER_GENERATE_SWIFT_ASSET_SYMBOL_EXTENSIONS = YES;
				CLANG_ANALYZER_NONNULL = YES;
				CLANG_ANALYZER_NUMBER_OBJECT_CONVERSION = YES_AGGRESSIVE;
				CLANG_CXX_LANGUAGE_STANDARD = "gnu++20";
				CLANG_ENABLE_MODULES = YES;
				CLANG_ENABLE_OBJC_ARC = YES;
				CLANG_ENABLE_OBJC_WEAK = YES;
				CLANG_WARN_BLOCK_CAPTURE_AUTORELEASING = YES;
				CLANG_WARN_BOOL_CONVERSION = YES;
				CLANG_WARN_COMMA = YES;
				CLANG_WARN_CONSTANT_CONVERSION = YES;
				CLANG_WARN_DEPRECATED_OBJC_IMPLEMENTATIONS = YES;
				CLANG_WARN_DIRECT_OBJC_ISA_USAGE = YES_ERROR;
				CLANG_WARN_DOCUMENTATION_COMMENTS = YES;
				CLANG_WARN_EMPTY_BODY = YES;
				CLANG_WARN_ENUM_CONVERSION = YES;
				CLANG_WARN_INFINITE_RECURSION = YES;
				CLANG_WARN_INT_CONVERSION = YES;
				CLANG_WARN_NON_LITERAL_NULL_CONVERSION = YES;
				CLANG_WARN_OBJC_IMPLICIT_RETAIN_SELF = YES;
				CLANG_WARN_OBJC_LITERAL_CONVERSION = YES;
				CLANG_WARN_OBJC_ROOT_CLASS = YES_ERROR;
				CLANG_WARN_QUOTED_INCLUDE_IN_FRAMEWORK_HEADER = YES;
				CLANG_WARN_RANGE_LOOP_ANALYSIS = YES;
				CLANG_WARN_STRICT_PROTOTYPES = YES;
				CLANG_WARN_SUSPICIOUS_MOVE = YES;
				CLANG_WARN_UNGUARDED_AVAILABILITY = YES_AGGRESSIVE;
				CLANG_WARN_UNREACHABLE_CODE = YES;
				CLANG_WARN__DUPLICATE_METHOD_MATCH = YES;
				COPY_PHASE_STRIP = NO;
				DEBUG_INFORMATION_FORMAT = dwarf;
				ENABLE_STRICT_OBJC_MSGSEND = YES;
				ENABLE_TESTABILITY = YES;
				ENABLE_USER_SCRIPT_SANDBOXING = YES;
				GCC_C_LANGUAGE_STANDARD = gnu17;
				GCC_DYNAMIC_NO_PIC = NO;
				GCC_NO_COMMON_BLOCKS = YES;
				GCC_OPTIMIZATION_LEVEL = 0;
				GCC_PREPROCESSOR_DEFINITIONS = (
					"DEBUG=1",
					"$(inherited)",
				);
				GCC_WARN_64_TO_32_BIT_CONVERSION = YES;
				GCC_WARN_ABOUT_RETURN_TYPE = YES_ERROR;
				GCC_WARN_UNDECLARED_SELECTOR = YES;
				GCC_WARN_UNINITIALIZED_AUTOS = YES_AGGRESSIVE;
				GCC_WARN_UNUSED_FUNCTION = YES;
				GCC_WARN_UNUSED_VARIABLE = YES;
				IPHONEOS_DEPLOYMENT_TARGET = 17.0;
				LOCALIZATION_PREFERS_STRING_CATALOGS = YES;
				MTL_ENABLE_DEBUG_INFO = INCLUDE_SOURCE;
				MTL_FAST_MATH = YES;
				ONLY_ACTIVE_ARCH = YES;
				SDKROOT = iphoneos;
				SWIFT_ACTIVE_COMPILATION_CONDITIONS = "DEBUG $(inherited)";
				SWIFT_OPTIMIZATION_LEVEL = "-Onone";
			};
			name = Debug;
		};
		B2958F4C2AEDF0E600C9BBFF /* Release */ = {
			isa = XCBuildConfiguration;
			buildSettings = {
				ALWAYS_SEARCH_USER_PATHS = NO;
				ASSETCATALOG_COMPILER_GENERATE_SWIFT_ASSET_SYMBOL_EXTENSIONS = YES;
				CLANG_ANALYZER_NONNULL = YES;
				CLANG_ANALYZER_NUMBER_OBJECT_CONVERSION = YES_AGGRESSIVE;
				CLANG_CXX_LANGUAGE_STANDARD = "gnu++20";
				CLANG_ENABLE_MODULES = YES;
				CLANG_ENABLE_OBJC_ARC = YES;
				CLANG_ENABLE_OBJC_WEAK = YES;
				CLANG_WARN_BLOCK_CAPTURE_AUTORELEASING = YES;
				CLANG_WARN_BOOL_CONVERSION = YES;
				CLANG_WARN_COMMA = YES;
				CLANG_WARN_CONSTANT_CONVERSION = YES;
				CLANG_WARN_DEPRECATED_OBJC_IMPLEMENTATIONS = YES;
				CLANG_WARN_DIRECT_OBJC_ISA_USAGE = YES_ERROR;
				CLANG_WARN_DOCUMENTATION_COMMENTS = YES;
				CLANG_WARN_EMPTY_BODY = YES;
				CLANG_WARN_ENUM_CONVERSION = YES;
				CLANG_WARN_INFINITE_RECURSION = YES;
				CLANG_WARN_INT_CONVERSION = YES;
				CLANG_WARN_NON_LITERAL_NULL_CONVERSION = YES;
				CLANG_WARN_OBJC_IMPLICIT_RETAIN_SELF = YES;
				CLANG_WARN_OBJC_LITERAL_CONVERSION = YES;
				CLANG_WARN_OBJC_ROOT_CLASS = YES_ERROR;
				CLANG_WARN_QUOTED_INCLUDE_IN_FRAMEWORK_HEADER = YES;
				CLANG_WARN_RANGE_LOOP_ANALYSIS = YES;
				CLANG_WARN_STRICT_PROTOTYPES = YES;
				CLANG_WARN_SUSPICIOUS_MOVE = YES;
				CLANG_WARN_UNGUARDED_AVAILABILITY = YES_AGGRESSIVE;
				CLANG_WARN_UNREACHABLE_CODE = YES;
				CLANG_WARN__DUPLICATE_METHOD_MATCH = YES;
				COPY_PHASE_STRIP = NO;
				DEBUG_INFORMATION_FORMAT = "dwarf-with-dsym";
				ENABLE_NS_ASSERTIONS = NO;
				ENABLE_STRICT_OBJC_MSGSEND = YES;
				ENABLE_USER_SCRIPT_SANDBOXING = YES;
				GCC_C_LANGUAGE_STANDARD = gnu17;
				GCC_NO_COMMON_BLOCKS = YES;
				GCC_WARN_64_TO_32_BIT_CONVERSION = YES;
				GCC_WARN_ABOUT_RETURN_TYPE = YES_ERROR;
				GCC_WARN_UNDECLARED_SELECTOR = YES;
				GCC_WARN_UNINITIALIZED_AUTOS = YES_AGGRESSIVE;
				GCC_WARN_UNUSED_FUNCTION = YES;
				GCC_WARN_UNUSED_VARIABLE = YES;
				IPHONEOS_DEPLOYMENT_TARGET = 17.0;
				LOCALIZATION_PREFERS_STRING_CATALOGS = YES;
				MTL_ENABLE_DEBUG_INFO = NO;
				MTL_FAST_MATH = YES;
				SDKROOT = iphoneos;
				SWIFT_COMPILATION_MODE = wholemodule;
				VALIDATE_PRODUCT = YES;
			};
			name = Release;
		};
		B2958F4E2AEDF0E600C9BBFF /* Debug */ = {
			isa = XCBuildConfiguration;
			buildSettings = {
				ASSETCATALOG_COMPILER_APPICON_NAME = AppIcon;
				ASSETCATALOG_COMPILER_GLOBAL_ACCENT_COLOR_NAME = AccentColor;
				CODE_SIGN_STYLE = Automatic;
				CURRENT_PROJECT_VERSION = 1;
				DEVELOPMENT_ASSET_PATHS = "\"RoomieMatter/Preview Content\"";
				DEVELOPMENT_TEAM = TX6TDB7G4L;
				ENABLE_PREVIEWS = YES;
				GENERATE_INFOPLIST_FILE = YES;
				INFOPLIST_FILE = RoomieMatter/Info.plist;
				INFOPLIST_KEY_UIApplicationSceneManifest_Generation = YES;
				INFOPLIST_KEY_UIApplicationSupportsIndirectInputEvents = YES;
				INFOPLIST_KEY_UISupportedInterfaceOrientations_iPad = "UIInterfaceOrientationPortrait UIInterfaceOrientationPortraitUpsideDown UIInterfaceOrientationLandscapeLeft UIInterfaceOrientationLandscapeRight";
				INFOPLIST_KEY_UISupportedInterfaceOrientations_iPhone = "UIInterfaceOrientationPortrait UIInterfaceOrientationLandscapeLeft UIInterfaceOrientationLandscapeRight";
				INFOPLIST_KEY_UIUserInterfaceStyle = Light;
				LD_RUNPATH_SEARCH_PATHS = (
					"$(inherited)",
					"@executable_path/Frameworks",
				);
				MARKETING_VERSION = 1.0;
				PRODUCT_BUNDLE_IDENTIFIER = com.roomiematter.RoomieMatter;
				PRODUCT_NAME = "$(TARGET_NAME)";
				SWIFT_EMIT_LOC_STRINGS = YES;
				SWIFT_VERSION = 5.0;
				TARGETED_DEVICE_FAMILY = "1,2";
			};
			name = Debug;
		};
		B2958F4F2AEDF0E600C9BBFF /* Release */ = {
			isa = XCBuildConfiguration;
			buildSettings = {
				ASSETCATALOG_COMPILER_APPICON_NAME = AppIcon;
				ASSETCATALOG_COMPILER_GLOBAL_ACCENT_COLOR_NAME = AccentColor;
				CODE_SIGN_STYLE = Automatic;
				CURRENT_PROJECT_VERSION = 1;
				DEVELOPMENT_ASSET_PATHS = "\"RoomieMatter/Preview Content\"";
				DEVELOPMENT_TEAM = TX6TDB7G4L;
				ENABLE_PREVIEWS = YES;
				GENERATE_INFOPLIST_FILE = YES;
				INFOPLIST_FILE = RoomieMatter/Info.plist;
				INFOPLIST_KEY_UIApplicationSceneManifest_Generation = YES;
				INFOPLIST_KEY_UIApplicationSupportsIndirectInputEvents = YES;
				INFOPLIST_KEY_UISupportedInterfaceOrientations_iPad = "UIInterfaceOrientationPortrait UIInterfaceOrientationPortraitUpsideDown UIInterfaceOrientationLandscapeLeft UIInterfaceOrientationLandscapeRight";
				INFOPLIST_KEY_UISupportedInterfaceOrientations_iPhone = "UIInterfaceOrientationPortrait UIInterfaceOrientationLandscapeLeft UIInterfaceOrientationLandscapeRight";
				INFOPLIST_KEY_UIUserInterfaceStyle = Light;
				LD_RUNPATH_SEARCH_PATHS = (
					"$(inherited)",
					"@executable_path/Frameworks",
				);
				MARKETING_VERSION = 1.0;
				PRODUCT_BUNDLE_IDENTIFIER = com.roomiematter.RoomieMatter;
				PRODUCT_NAME = "$(TARGET_NAME)";
				SWIFT_EMIT_LOC_STRINGS = YES;
				SWIFT_VERSION = 5.0;
				TARGETED_DEVICE_FAMILY = "1,2";
			};
			name = Release;
		};
/* End XCBuildConfiguration section */

/* Begin XCConfigurationList section */
		B2958F3A2AEDF0E500C9BBFF /* Build configuration list for PBXProject "RoomieMatter" */ = {
			isa = XCConfigurationList;
			buildConfigurations = (
				B2958F4B2AEDF0E600C9BBFF /* Debug */,
				B2958F4C2AEDF0E600C9BBFF /* Release */,
			);
			defaultConfigurationIsVisible = 0;
			defaultConfigurationName = Release;
		};
		B2958F4D2AEDF0E600C9BBFF /* Build configuration list for PBXNativeTarget "RoomieMatter" */ = {
			isa = XCConfigurationList;
			buildConfigurations = (
				B2958F4E2AEDF0E600C9BBFF /* Debug */,
				B2958F4F2AEDF0E600C9BBFF /* Release */,
			);
			defaultConfigurationIsVisible = 0;
			defaultConfigurationName = Release;
		};
/* End XCConfigurationList section */

/* Begin XCRemoteSwiftPackageReference section */
		B21F022E2AF18B300001E8FB /* XCRemoteSwiftPackageReference "GoogleSignIn-iOS" */ = {
			isa = XCRemoteSwiftPackageReference;
			repositoryURL = "https://github.com/google/GoogleSignIn-iOS";
			requirement = {
				kind = upToNextMajorVersion;
				minimumVersion = 7.0.0;
			};
		};
		B21F025E2AF1BFC00001E8FB /* XCRemoteSwiftPackageReference "firebase-ios-sdk" */ = {
			isa = XCRemoteSwiftPackageReference;
			repositoryURL = "https://github.com/firebase/firebase-ios-sdk";
			requirement = {
				kind = upToNextMajorVersion;
				minimumVersion = 10.17.0;
			};
		};
/* End XCRemoteSwiftPackageReference section */

/* Begin XCSwiftPackageProductDependency section */
		B21F022F2AF18B300001E8FB /* GoogleSignIn */ = {
			isa = XCSwiftPackageProductDependency;
			package = B21F022E2AF18B300001E8FB /* XCRemoteSwiftPackageReference "GoogleSignIn-iOS" */;
			productName = GoogleSignIn;
		};
		B21F02312AF18B300001E8FB /* GoogleSignInSwift */ = {
			isa = XCSwiftPackageProductDependency;
			package = B21F022E2AF18B300001E8FB /* XCRemoteSwiftPackageReference "GoogleSignIn-iOS" */;
			productName = GoogleSignInSwift;
		};
		B21F025F2AF1BFC00001E8FB /* FirebaseAuth */ = {
			isa = XCSwiftPackageProductDependency;
			package = B21F025E2AF1BFC00001E8FB /* XCRemoteSwiftPackageReference "firebase-ios-sdk" */;
			productName = FirebaseAuth;
		};
		B21F02612AF1BFC00001E8FB /* FirebaseAuthCombine-Community */ = {
			isa = XCSwiftPackageProductDependency;
			package = B21F025E2AF1BFC00001E8FB /* XCRemoteSwiftPackageReference "firebase-ios-sdk" */;
			productName = "FirebaseAuthCombine-Community";
		};
		B21F02632AF1BFC00001E8FB /* FirebaseFirestore */ = {
			isa = XCSwiftPackageProductDependency;
			package = B21F025E2AF1BFC00001E8FB /* XCRemoteSwiftPackageReference "firebase-ios-sdk" */;
			productName = FirebaseFirestore;
		};
		B21F02652AF1BFC00001E8FB /* FirebaseFirestoreCombine-Community */ = {
			isa = XCSwiftPackageProductDependency;
			package = B21F025E2AF1BFC00001E8FB /* XCRemoteSwiftPackageReference "firebase-ios-sdk" */;
			productName = "FirebaseFirestoreCombine-Community";
		};
		B21F02672AF1BFC00001E8FB /* FirebaseFirestoreSwift */ = {
			isa = XCSwiftPackageProductDependency;
			package = B21F025E2AF1BFC00001E8FB /* XCRemoteSwiftPackageReference "firebase-ios-sdk" */;
			productName = FirebaseFirestoreSwift;
		};
		B21F02692AF1BFC00001E8FB /* FirebaseFunctions */ = {
			isa = XCSwiftPackageProductDependency;
			package = B21F025E2AF1BFC00001E8FB /* XCRemoteSwiftPackageReference "firebase-ios-sdk" */;
			productName = FirebaseFunctions;
		};
		B21F026B2AF1BFC00001E8FB /* FirebaseFunctionsCombine-Community */ = {
			isa = XCSwiftPackageProductDependency;
			package = B21F025E2AF1BFC00001E8FB /* XCRemoteSwiftPackageReference "firebase-ios-sdk" */;
			productName = "FirebaseFunctionsCombine-Community";
		};
/* End XCSwiftPackageProductDependency section */
	};
	rootObject = B2958F372AEDF0E500C9BBFF /* Project object */;
}
